
Microsoft Visual Studio Solution File, Format Version 12.00
# Visual Studio Version 17
VisualStudioVersion = 17.2.32526.322
MinimumVisualStudioVersion = 10.0.40219.1
Project("{FAE04EC0-301F-11D3-BF4B-00C04F79EFBC}") = "CoreApp", "CoreApp\CoreApp.csproj", "{678BBD52-C14C-4474-BA74-1E8F7EE5FF08}"
EndProject
Global
	GlobalSection(SolutionConfigurationPlatforms) = preSolution
		Debug|Any CPU = Debug|Any CPU
		Release|Any CPU = Release|Any CPU
	EndGlobalSection
	GlobalSection(ProjectConfigurationPlatforms) = postSolution
		{678BBD52-C14C-4474-BA74-1E8F7EE5FF08}.Debug|Any CPU.ActiveCfg = Debug|Any CPU
		{678BBD52-C14C-4474-BA74-1E8F7EE5FF08}.Debug|Any CPU.Build.0 = Debug|Any CPU
		{678BBD52-C14C-4474-BA74-1E8F7EE5FF08}.Release|Any CPU.ActiveCfg = Release|Any CPU
		{678BBD52-C14C-4474-BA74-1E8F7EE5FF08}.Release|Any CPU.Build.0 = Release|Any CPU
	EndGlobalSection
	GlobalSection(SolutionProperties) = preSolution
		HideSolutionNode = FALSE
	EndGlobalSection
	GlobalSection(ExtensibilityGlobals) = postSolution
		SolutionGuid = {C4FAA1BE-EB2C-4DE4-8D40-C88AB3811832}
	EndGlobalSection
EndGlobal
